{
  "name": "my-first-npm-package-by-harjas-singh",
  "version": "1.0.0",
  "lockfileVersion": 3,
  "requires": true,
  "packages": {
    "": {
      "name": "my-first-npm-package-by-harjas-singh",
      "version": "1.0.0",
      "license": "ISC",
      "dependencies": {
        "my-first-npm-package-by-harjas-singh": "^1.0.0"
      }
    },
    "node_modules/my-first-npm-package-by-harjas-singh": {
      "version": "1.0.0",
      "resolved": "https://registry.npmjs.org/my-first-npm-package-by-harjas-singh/-/my-first-npm-package-by-harjas-singh-1.0.0.tgz",
      "integrity": "sha512-wnOaHRICtbCcxtez7KXhe/zkywEYhYh6kLdSFHaVOHqSWm7gGFUtKAl1VBC62IjKTt7rmWR9C8oJ7g5eh4AP+Q=="
    }
  }
}
